
Microsoft Visual Studio Solution File, Format Version 12.00
# Visual Studio 15
VisualStudioVersion = 15.0.28307.106
MinimumVisualStudioVersion = 10.0.40219.1
Project("{9A19103F-16F7-4668-BE54-9A1E7A4F7556}") = "CSharpLearn", "CSharpLearn\CSharpLearn.csproj", "{B2B848D1-A405-4AAC-89EC-BBDE8C3FB72F}"
EndProject
Project("{9A19103F-16F7-4668-BE54-9A1E7A4F7556}") = "GCTest", "CodeContractsTest\GCTest.csproj", "{5ABCF70B-A422-4DA4-9D43-270B299EB95B}"
EndProject
Project("{9A19103F-16F7-4668-BE54-9A1E7A4F7556}") = "xmlreadTest", "xmlreadTest\xmlreadTest.csproj", "{3819E423-FB93-4406-8DB6-521C94932F94}"
EndProject
Project("{9A19103F-16F7-4668-BE54-9A1E7A4F7556}") = "aspnetcoreLearn", "aspnetcoreLearn\aspnetcoreLearn.csproj", "{C5C236D1-724D-4018-A2F5-04A7CA5452B1}"
EndProject
Project("{9A19103F-16F7-4668-BE54-9A1E7A4F7556}") = "lambdaLearn", "lambdaLearn\lambdaLearn.csproj", "{14DE8D64-BE51-4A5B-8A7D-FCDBEBF304EC}"
EndProject
Project("{FAE04EC0-301F-11D3-BF4B-00C04F79EFBC}") = "aspnetcoreRazor", "aspnetcoreRazor\aspnetcoreRazor.csproj", "{76357D1A-133D-4312-80CB-8D419A832094}"
EndProject
Global
	GlobalSection(SolutionConfigurationPlatforms) = preSolution
		Debug|Any CPU = Debug|Any CPU
		Release|Any CPU = Release|Any CPU
	EndGlobalSection
	GlobalSection(ProjectConfigurationPlatforms) = postSolution
		{B2B848D1-A405-4AAC-89EC-BBDE8C3FB72F}.Debug|Any CPU.ActiveCfg = Debug|Any CPU
		{B2B848D1-A405-4AAC-89EC-BBDE8C3FB72F}.Debug|Any CPU.Build.0 = Debug|Any CPU
		{B2B848D1-A405-4AAC-89EC-BBDE8C3FB72F}.Release|Any CPU.ActiveCfg = Release|Any CPU
		{B2B848D1-A405-4AAC-89EC-BBDE8C3FB72F}.Release|Any CPU.Build.0 = Release|Any CPU
		{5ABCF70B-A422-4DA4-9D43-270B299EB95B}.Debug|Any CPU.ActiveCfg = Debug|Any CPU
		{5ABCF70B-A422-4DA4-9D43-270B299EB95B}.Debug|Any CPU.Build.0 = Debug|Any CPU
		{5ABCF70B-A422-4DA4-9D43-270B299EB95B}.Release|Any CPU.ActiveCfg = Release|Any CPU
		{5ABCF70B-A422-4DA4-9D43-270B299EB95B}.Release|Any CPU.Build.0 = Release|Any CPU
		{3819E423-FB93-4406-8DB6-521C94932F94}.Debug|Any CPU.ActiveCfg = Debug|Any CPU
		{3819E423-FB93-4406-8DB6-521C94932F94}.Debug|Any CPU.Build.0 = Debug|Any CPU
		{3819E423-FB93-4406-8DB6-521C94932F94}.Release|Any CPU.ActiveCfg = Release|Any CPU
		{3819E423-FB93-4406-8DB6-521C94932F94}.Release|Any CPU.Build.0 = Release|Any CPU
		{C5C236D1-724D-4018-A2F5-04A7CA5452B1}.Debug|Any CPU.ActiveCfg = Debug|Any CPU
		{C5C236D1-724D-4018-A2F5-04A7CA5452B1}.Debug|Any CPU.Build.0 = Debug|Any CPU
		{C5C236D1-724D-4018-A2F5-04A7CA5452B1}.Release|Any CPU.ActiveCfg = Release|Any CPU
		{C5C236D1-724D-4018-A2F5-04A7CA5452B1}.Release|Any CPU.Build.0 = Release|Any CPU
		{14DE8D64-BE51-4A5B-8A7D-FCDBEBF304EC}.Debug|Any CPU.ActiveCfg = Debug|Any CPU
		{14DE8D64-BE51-4A5B-8A7D-FCDBEBF304EC}.Debug|Any CPU.Build.0 = Debug|Any CPU
		{14DE8D64-BE51-4A5B-8A7D-FCDBEBF304EC}.Release|Any CPU.ActiveCfg = Release|Any CPU
		{14DE8D64-BE51-4A5B-8A7D-FCDBEBF304EC}.Release|Any CPU.Build.0 = Release|Any CPU
		{76357D1A-133D-4312-80CB-8D419A832094}.Debug|Any CPU.ActiveCfg = Debug|Any CPU
		{76357D1A-133D-4312-80CB-8D419A832094}.Debug|Any CPU.Build.0 = Debug|Any CPU
		{76357D1A-133D-4312-80CB-8D419A832094}.Release|Any CPU.ActiveCfg = Release|Any CPU
		{76357D1A-133D-4312-80CB-8D419A832094}.Release|Any CPU.Build.0 = Release|Any CPU
	EndGlobalSection
	GlobalSection(SolutionProperties) = preSolution
		HideSolutionNode = FALSE
	EndGlobalSection
	GlobalSection(ExtensibilityGlobals) = postSolution
		SolutionGuid = {AFA59151-CA5C-450F-96DE-ECB9BA98749B}
	EndGlobalSection
EndGlobal
